// !$*UTF8*$!
{
	archiveVersion = 1;
	classes = {
	};
	objectVersion = 50;
	objects = {

/* Begin PBXBuildFile section */
		18693E2C223011AE004F8885 /* SGCaptureParamController.swift in Sources */ = {isa = PBXBuildFile; fileRef = 18693E2B223011AE004F8885 /* SGCaptureParamController.swift */; };
		18693E2F2233735D004F8885 /* SGBlockRunes.swift in Sources */ = {isa = PBXBuildFile; fileRef = 18693E2E2233735D004F8885 /* SGBlockRunes.swift */; };
		18693E332235116E004F8885 /* SSAutoreleasingTest.m in Sources */ = {isa = PBXBuildFile; fileRef = 18693E322235116E004F8885 /* SSAutoreleasingTest.m */; };
		18B6CD5F2236951700C9DAEC /* SGStaticParam.m in Sources */ = {isa = PBXBuildFile; fileRef = 18B6CD5E2236951700C9DAEC /* SGStaticParam.m */; };
		18B6CD63223E5CC400C9DAEC /* SGBlockType.m in Sources */ = {isa = PBXBuildFile; fileRef = 18B6CD62223E5CC400C9DAEC /* SGBlockType.m */; };
		2E080581222FF77600599BC4 /* AppDelegate.swift in Sources */ = {isa = PBXBuildFile; fileRef = 2E080580222FF77600599BC4 /* AppDelegate.swift */; };
		2E080588222FF77700599BC4 /* Assets.xcassets in Resources */ = {isa = PBXBuildFile; fileRef = 2E080587222FF77700599BC4 /* Assets.xcassets */; };
		2E08058B222FF77700599BC4 /* LaunchScreen.storyboard in Resources */ = {isa = PBXBuildFile; fileRef = 2E080589222FF77700599BC4 /* LaunchScreen.storyboard */; };
		2E0805AF222FF88D00599BC4 /* SGSampleController.swift in Sources */ = {isa = PBXBuildFile; fileRef = 2E0805AD222FF88D00599BC4 /* SGSampleController.swift */; };
		2E0805B0222FF88D00599BC4 /* SGSampleNavigation.swift in Sources */ = {isa = PBXBuildFile; fileRef = 2E0805AE222FF88D00599BC4 /* SGSampleNavigation.swift */; };
		2E0805B3222FF8AD00599BC4 /* SGActionRune.swift in Sources */ = {isa = PBXBuildFile; fileRef = 2E0805B1222FF8AD00599BC4 /* SGActionRune.swift */; };
		2E0805B4222FF8AD00599BC4 /* SGSampleRune.swift in Sources */ = {isa = PBXBuildFile; fileRef = 2E0805B2222FF8AD00599BC4 /* SGSampleRune.swift */; };
		2E0805B9222FFE2D00599BC4 /* SGHitTestController.swift in Sources */ = {isa = PBXBuildFile; fileRef = 2E0805B8222FFE2D00599BC4 /* SGHitTestController.swift */; };
		2E0805BB222FFE4B00599BC4 /* SGHitTestView.swift in Sources */ = {isa = PBXBuildFile; fileRef = 2E0805BA222FFE4B00599BC4 /* SGHitTestView.swift */; };
		2E0805BD223004CA00599BC4 /* SGHitEmptyContainer.swift in Sources */ = {isa = PBXBuildFile; fileRef = 2E0805BC223004CA00599BC4 /* SGHitEmptyContainer.swift */; };
		2E0805BF223004E000599BC4 /* SGHitExpandButton.swift in Sources */ = {isa = PBXBuildFile; fileRef = 2E0805BE223004E000599BC4 /* SGHitExpandButton.swift */; };
		2E0805C2223010E300599BC4 /* SGCALayerView.swift in Sources */ = {isa = PBXBuildFile; fileRef = 2E0805C1223010E300599BC4 /* SGCALayerView.swift */; };
		2E0805C422301C6900599BC4 /* SGSampleRunes.swift in Sources */ = {isa = PBXBuildFile; fileRef = 2E0805C322301C6900599BC4 /* SGSampleRunes.swift */; };
		2E0805C622301D9800599BC4 /* SGUIAboutRunes.swift in Sources */ = {isa = PBXBuildFile; fileRef = 2E0805C522301D9800599BC4 /* SGUIAboutRunes.swift */; };
		2E0805CA22301F0D00599BC4 /* ReadyForWX.m in Sources */ = {isa = PBXBuildFile; fileRef = 2E0805C922301F0D00599BC4 /* ReadyForWX.m */; };
		2E0805CD2230202100599BC4 /* SGRuntimeRunes.swift in Sources */ = {isa = PBXBuildFile; fileRef = 2E0805CC2230202100599BC4 /* SGRuntimeRunes.swift */; };
		2E0805CF22336AF900599BC4 /* SGObjectS.swift in Sources */ = {isa = PBXBuildFile; fileRef = 2E0805CE22336AF900599BC4 /* SGObjectS.swift */; };
		2E0805D32234DC4A00599BC4 /* SGSwizzle.m in Sources */ = {isa = PBXBuildFile; fileRef = 2E0805D22234DC4A00599BC4 /* SGSwizzle.m */; };
		2E0805D62234DC6600599BC4 /* SGSwizzleController.m in Sources */ = {isa = PBXBuildFile; fileRef = 2E0805D52234DC6600599BC4 /* SGSwizzleController.m */; };
		2E0805DA2234E27D00599BC4 /* SGDynamic.m in Sources */ = {isa = PBXBuildFile; fileRef = 2E0805D92234E27D00599BC4 /* SGDynamic.m */; };
		2E0805DC2234F0AB00599BC4 /* SGCALayerController.swift in Sources */ = {isa = PBXBuildFile; fileRef = 2E0805DB2234F0AB00599BC4 /* SGCALayerController.swift */; };
		2E55681B2237EC2200BA3C09 /* SGFrameMeter.swift in Sources */ = {isa = PBXBuildFile; fileRef = 2E55681A2237EC2200BA3C09 /* SGFrameMeter.swift */; };
		2E55681D223A9B2000BA3C09 /* SGCALayer.swift in Sources */ = {isa = PBXBuildFile; fileRef = 2E55681C223A9B2000BA3C09 /* SGCALayer.swift */; };
		2E55681F223BF3CA00BA3C09 /* SGCPUView.swift in Sources */ = {isa = PBXBuildFile; fileRef = 2E55681E223BF3CA00BA3C09 /* SGCPUView.swift */; };
		2E556821223BF3D500BA3C09 /* SGGPUView.swift in Sources */ = {isa = PBXBuildFile; fileRef = 2E556820223BF3D500BA3C09 /* SGGPUView.swift */; };
		2E556823223FCD6500BA3C09 /* SGOffScreenLayer.swift in Sources */ = {isa = PBXBuildFile; fileRef = 2E556822223FCD6500BA3C09 /* SGOffScreenLayer.swift */; };
		2E55682522413EE600BA3C09 /* LogDisk.swift in Sources */ = {isa = PBXBuildFile; fileRef = 2E55682422413EE600BA3C09 /* LogDisk.swift */; };
		623311CC2234A0F50037E1BA /* PerformanceWatcher.m in Sources */ = {isa = PBXBuildFile; fileRef = 623311CB2234A0F50037E1BA /* PerformanceWatcher.m */; };
		623311CF2234B5370037E1BA /* SGMainThreadStuttersMonitorController.m in Sources */ = {isa = PBXBuildFile; fileRef = 623311CE2234B5370037E1BA /* SGMainThreadStuttersMonitorController.m */; };
		623311D12234B7090037E1BA /* SGRunloopRunes.swift in Sources */ = {isa = PBXBuildFile; fileRef = 623311D02234B7090037E1BA /* SGRunloopRunes.swift */; };
		623BBF1122315F1000D4AEDA /* SGRunloop.m in Sources */ = {isa = PBXBuildFile; fileRef = 623BBF1022315F1000D4AEDA /* SGRunloop.m */; };
		CB6054CE13A7667686D9E8BD /* SGObject.m in Sources */ = {isa = PBXBuildFile; fileRef = CB605738EFCE9719FC3342FA /* SGObject.m */; };
		CB605FA2A6E12B8A2E9E42E4 /* SGLogRune.swift in Sources */ = {isa = PBXBuildFile; fileRef = CB6055337F3F4EECDB1C6A66 /* SGLogRune.swift */; };
		CB605FFBE510DF6F0242ECDD /* SGMessageController.m in Sources */ = {isa = PBXBuildFile; fileRef = CB605E11604C9552B5616B36 /* SGMessageController.m */; };
		DC34257D2240C94F007405B4 /* 03.swift in Sources */ = {isa = PBXBuildFile; fileRef = DC34257C2240C94F007405B4 /* 03.swift */; };
		DC34257F2240C95B007405B4 /* 08.swift in Sources */ = {isa = PBXBuildFile; fileRef = DC34257E2240C95B007405B4 /* 08.swift */; };
		DC3425812240C963007405B4 /* ImageCache.swift in Sources */ = {isa = PBXBuildFile; fileRef = DC3425802240C963007405B4 /* ImageCache.swift */; };
		DC3425832240C96A007405B4 /* SDWebImage.swift in Sources */ = {isa = PBXBuildFile; fileRef = DC3425822240C96A007405B4 /* SDWebImage.swift */; };
		DCDC861E22321D3D006ED299 /* SGMessageControllerS.swift in Sources */ = {isa = PBXBuildFile; fileRef = DCDC861D22321D3D006ED299 /* SGMessageControllerS.swift */; };
/* End PBXBuildFile section */

/* Begin PBXFileReference section */
		18693E2B223011AE004F8885 /* SGCaptureParamController.swift */ = {isa = PBXFileReference; fileEncoding = 4; lastKnownFileType = sourcecode.swift; path = SGCaptureParamController.swift; sourceTree = "<group>"; };
		18693E2E2233735D004F8885 /* SGBlockRunes.swift */ = {isa = PBXFileReference; lastKnownFileType = sourcecode.swift; path = SGBlockRunes.swift; sourceTree = "<group>"; };
		18693E312235116E004F8885 /* SSAutoreleasingTest.h */ = {isa = PBXFileReference; lastKnownFileType = sourcecode.c.h; path = SSAutoreleasingTest.h; sourceTree = "<group>"; };
		18693E322235116E004F8885 /* SSAutoreleasingTest.m */ = {isa = PBXFileReference; lastKnownFileType = sourcecode.c.objc; path = SSAutoreleasingTest.m; sourceTree = "<group>"; };
		18B6CD5D2236951700C9DAEC /* SGStaticParam.h */ = {isa = PBXFileReference; lastKnownFileType = sourcecode.c.h; path = SGStaticParam.h; sourceTree = "<group>"; };
		18B6CD5E2236951700C9DAEC /* SGStaticParam.m */ = {isa = PBXFileReference; lastKnownFileType = sourcecode.c.objc; path = SGStaticParam.m; sourceTree = "<group>"; };
		18B6CD61223E5CC400C9DAEC /* SGBlockType.h */ = {isa = PBXFileReference; lastKnownFileType = sourcecode.c.h; path = SGBlockType.h; sourceTree = "<group>"; };
		18B6CD62223E5CC400C9DAEC /* SGBlockType.m */ = {isa = PBXFileReference; lastKnownFileType = sourcecode.c.objc; path = SGBlockType.m; sourceTree = "<group>"; };
		2E08057D222FF77600599BC4 /* ReadyForSG.app */ = {isa = PBXFileReference; explicitFileType = wrapper.application; includeInIndex = 0; path = ReadyForSG.app; sourceTree = BUILT_PRODUCTS_DIR; };
		2E080580222FF77600599BC4 /* AppDelegate.swift */ = {isa = PBXFileReference; lastKnownFileType = sourcecode.swift; path = AppDelegate.swift; sourceTree = "<group>"; };
		2E080587222FF77700599BC4 /* Assets.xcassets */ = {isa = PBXFileReference; lastKnownFileType = folder.assetcatalog; path = Assets.xcassets; sourceTree = "<group>"; };
		2E08058A222FF77700599BC4 /* Base */ = {isa = PBXFileReference; lastKnownFileType = file.storyboard; name = Base; path = Base.lproj/LaunchScreen.storyboard; sourceTree = "<group>"; };
		2E08058C222FF77700599BC4 /* Info.plist */ = {isa = PBXFileReference; lastKnownFileType = text.plist.xml; path = Info.plist; sourceTree = "<group>"; };
		2E0805AD222FF88D00599BC4 /* SGSampleController.swift */ = {isa = PBXFileReference; fileEncoding = 4; lastKnownFileType = sourcecode.swift; path = SGSampleController.swift; sourceTree = "<group>"; };
		2E0805AE222FF88D00599BC4 /* SGSampleNavigation.swift */ = {isa = PBXFileReference; fileEncoding = 4; lastKnownFileType = sourcecode.swift; path = SGSampleNavigation.swift; sourceTree = "<group>"; };
		2E0805B1222FF8AD00599BC4 /* SGActionRune.swift */ = {isa = PBXFileReference; fileEncoding = 4; lastKnownFileType = sourcecode.swift; path = SGActionRune.swift; sourceTree = "<group>"; };
		2E0805B2222FF8AD00599BC4 /* SGSampleRune.swift */ = {isa = PBXFileReference; fileEncoding = 4; lastKnownFileType = sourcecode.swift; path = SGSampleRune.swift; sourceTree = "<group>"; };
		2E0805B8222FFE2D00599BC4 /* SGHitTestController.swift */ = {isa = PBXFileReference; lastKnownFileType = sourcecode.swift; path = SGHitTestController.swift; sourceTree = "<group>"; };
		2E0805BA222FFE4B00599BC4 /* SGHitTestView.swift */ = {isa = PBXFileReference; lastKnownFileType = sourcecode.swift; path = SGHitTestView.swift; sourceTree = "<group>"; };
		2E0805BC223004CA00599BC4 /* SGHitEmptyContainer.swift */ = {isa = PBXFileReference; lastKnownFileType = sourcecode.swift; path = SGHitEmptyContainer.swift; sourceTree = "<group>"; };
		2E0805BE223004E000599BC4 /* SGHitExpandButton.swift */ = {isa = PBXFileReference; lastKnownFileType = sourcecode.swift; path = SGHitExpandButton.swift; sourceTree = "<group>"; };
		2E0805C1223010E300599BC4 /* SGCALayerView.swift */ = {isa = PBXFileReference; lastKnownFileType = sourcecode.swift; path = SGCALayerView.swift; sourceTree = "<group>"; };
		2E0805C322301C6900599BC4 /* SGSampleRunes.swift */ = {isa = PBXFileReference; lastKnownFileType = sourcecode.swift; path = SGSampleRunes.swift; sourceTree = "<group>"; };
		2E0805C522301D9800599BC4 /* SGUIAboutRunes.swift */ = {isa = PBXFileReference; lastKnownFileType = sourcecode.swift; path = SGUIAboutRunes.swift; sourceTree = "<group>"; };
		2E0805C722301F0D00599BC4 /* ReadyForSG-Bridging-Header.h */ = {isa = PBXFileReference; lastKnownFileType = sourcecode.c.h; path = "ReadyForSG-Bridging-Header.h"; sourceTree = "<group>"; };
		2E0805C822301F0D00599BC4 /* ReadyForWX.h */ = {isa = PBXFileReference; lastKnownFileType = sourcecode.c.h; path = ReadyForWX.h; sourceTree = "<group>"; };
		2E0805C922301F0D00599BC4 /* ReadyForWX.m */ = {isa = PBXFileReference; lastKnownFileType = sourcecode.c.objc; path = ReadyForWX.m; sourceTree = "<group>"; };
		2E0805CC2230202100599BC4 /* SGRuntimeRunes.swift */ = {isa = PBXFileReference; lastKnownFileType = sourcecode.swift; path = SGRuntimeRunes.swift; sourceTree = "<group>"; };
		2E0805CE22336AF900599BC4 /* SGObjectS.swift */ = {isa = PBXFileReference; lastKnownFileType = sourcecode.swift; path = SGObjectS.swift; sourceTree = "<group>"; };
		2E0805D12234DC4A00599BC4 /* SGSwizzle.h */ = {isa = PBXFileReference; lastKnownFileType = sourcecode.c.h; path = SGSwizzle.h; sourceTree = "<group>"; };
		2E0805D22234DC4A00599BC4 /* SGSwizzle.m */ = {isa = PBXFileReference; lastKnownFileType = sourcecode.c.objc; path = SGSwizzle.m; sourceTree = "<group>"; };
		2E0805D42234DC6600599BC4 /* SGSwizzleController.h */ = {isa = PBXFileReference; lastKnownFileType = sourcecode.c.h; path = SGSwizzleController.h; sourceTree = "<group>"; };
		2E0805D52234DC6600599BC4 /* SGSwizzleController.m */ = {isa = PBXFileReference; lastKnownFileType = sourcecode.c.objc; path = SGSwizzleController.m; sourceTree = "<group>"; };
		2E0805D82234E27D00599BC4 /* SGDynamic.h */ = {isa = PBXFileReference; lastKnownFileType = sourcecode.c.h; path = SGDynamic.h; sourceTree = "<group>"; };
		2E0805D92234E27D00599BC4 /* SGDynamic.m */ = {isa = PBXFileReference; lastKnownFileType = sourcecode.c.objc; path = SGDynamic.m; sourceTree = "<group>"; };
		2E0805DB2234F0AB00599BC4 /* SGCALayerController.swift */ = {isa = PBXFileReference; lastKnownFileType = sourcecode.swift; path = SGCALayerController.swift; sourceTree = "<group>"; };
		2E55681A2237EC2200BA3C09 /* SGFrameMeter.swift */ = {isa = PBXFileReference; lastKnownFileType = sourcecode.swift; path = SGFrameMeter.swift; sourceTree = "<group>"; };
		2E55681C223A9B2000BA3C09 /* SGCALayer.swift */ = {isa = PBXFileReference; lastKnownFileType = sourcecode.swift; path = SGCALayer.swift; sourceTree = "<group>"; };
		2E55681E223BF3CA00BA3C09 /* SGCPUView.swift */ = {isa = PBXFileReference; lastKnownFileType = sourcecode.swift; path = SGCPUView.swift; sourceTree = "<group>"; };
		2E556820223BF3D500BA3C09 /* SGGPUView.swift */ = {isa = PBXFileReference; lastKnownFileType = sourcecode.swift; path = SGGPUView.swift; sourceTree = "<group>"; };
		2E556822223FCD6500BA3C09 /* SGOffScreenLayer.swift */ = {isa = PBXFileReference; lastKnownFileType = sourcecode.swift; path = SGOffScreenLayer.swift; sourceTree = "<group>"; };
		2E55682422413EE600BA3C09 /* LogDisk.swift */ = {isa = PBXFileReference; lastKnownFileType = sourcecode.swift; path = LogDisk.swift; sourceTree = "<group>"; };
		623311CA2234A0F50037E1BA /* PerformanceWatcher.h */ = {isa = PBXFileReference; lastKnownFileType = sourcecode.c.h; path = PerformanceWatcher.h; sourceTree = "<group>"; };
		623311CB2234A0F50037E1BA /* PerformanceWatcher.m */ = {isa = PBXFileReference; lastKnownFileType = sourcecode.c.objc; path = PerformanceWatcher.m; sourceTree = "<group>"; };
		623311CD2234B5370037E1BA /* SGMainThreadStuttersMonitorController.h */ = {isa = PBXFileReference; lastKnownFileType = sourcecode.c.h; path = SGMainThreadStuttersMonitorController.h; sourceTree = "<group>"; };
		623311CE2234B5370037E1BA /* SGMainThreadStuttersMonitorController.m */ = {isa = PBXFileReference; lastKnownFileType = sourcecode.c.objc; path = SGMainThreadStuttersMonitorController.m; sourceTree = "<group>"; };
		623311D02234B7090037E1BA /* SGRunloopRunes.swift */ = {isa = PBXFileReference; lastKnownFileType = sourcecode.swift; path = SGRunloopRunes.swift; sourceTree = "<group>"; };
		623BBF0F22315F1000D4AEDA /* SGRunloop.h */ = {isa = PBXFileReference; lastKnownFileType = sourcecode.c.h; path = SGRunloop.h; sourceTree = "<group>"; };
		623BBF1022315F1000D4AEDA /* SGRunloop.m */ = {isa = PBXFileReference; lastKnownFileType = sourcecode.c.objc; path = SGRunloop.m; sourceTree = "<group>"; };
		CB6052697F107E713D224B28 /* SGMessageController.h */ = {isa = PBXFileReference; fileEncoding = 4; lastKnownFileType = sourcecode.c.h; path = SGMessageController.h; sourceTree = "<group>"; };
		CB6055337F3F4EECDB1C6A66 /* SGLogRune.swift */ = {isa = PBXFileReference; fileEncoding = 4; lastKnownFileType = sourcecode.swift; path = SGLogRune.swift; sourceTree = "<group>"; };
		CB605738EFCE9719FC3342FA /* SGObject.m */ = {isa = PBXFileReference; fileEncoding = 4; lastKnownFileType = sourcecode.c.objc; path = SGObject.m; sourceTree = "<group>"; };
		CB605E11604C9552B5616B36 /* SGMessageController.m */ = {isa = PBXFileReference; fileEncoding = 4; lastKnownFileType = sourcecode.c.objc; path = SGMessageController.m; sourceTree = "<group>"; };
		CB605FA4F6B7A050DD42C83D /* SGObject.h */ = {isa = PBXFileReference; fileEncoding = 4; lastKnownFileType = sourcecode.c.h; path = SGObject.h; sourceTree = "<group>"; };
		DC34257C2240C94F007405B4 /* 03.swift */ = {isa = PBXFileReference; lastKnownFileType = sourcecode.swift; path = 03.swift; sourceTree = "<group>"; };
		DC34257E2240C95B007405B4 /* 08.swift */ = {isa = PBXFileReference; lastKnownFileType = sourcecode.swift; path = 08.swift; sourceTree = "<group>"; };
		DC3425802240C963007405B4 /* ImageCache.swift */ = {isa = PBXFileReference; lastKnownFileType = sourcecode.swift; path = ImageCache.swift; sourceTree = "<group>"; };
		DC3425822240C96A007405B4 /* SDWebImage.swift */ = {isa = PBXFileReference; lastKnownFileType = sourcecode.swift; path = SDWebImage.swift; sourceTree = "<group>"; };
		DCDC861D22321D3D006ED299 /* SGMessageControllerS.swift */ = {isa = PBXFileReference; lastKnownFileType = sourcecode.swift; path = SGMessageControllerS.swift; sourceTree = "<group>"; };
/* End PBXFileReference section */

/* Begin PBXFrameworksBuildPhase section */
		2E08057A222FF77600599BC4 /* Frameworks */ = {
			isa = PBXFrameworksBuildPhase;
			buildActionMask = 2147483647;
			files = (
			);
			runOnlyForDeploymentPostprocessing = 0;
		};
/* End PBXFrameworksBuildPhase section */

/* Begin PBXGroup section */
		18693E2D223372E2004F8885 /* CaptureParam */ = {
			isa = PBXGroup;
			children = (
				18B6CD60223E5CAA00C9DAEC /* blockType */,
				18B6CD5C223694A300C9DAEC /* staticParam */,
				18693E3022351146004F8885 /* autoreleaseing */,
				18693E2B223011AE004F8885 /* SGCaptureParamController.swift */,
			);
			path = CaptureParam;
			sourceTree = "<group>";
		};
		18693E3022351146004F8885 /* autoreleaseing */ = {
			isa = PBXGroup;
			children = (
				18693E312235116E004F8885 /* SSAutoreleasingTest.h */,
				18693E322235116E004F8885 /* SSAutoreleasingTest.m */,
			);
			path = autoreleaseing;
			sourceTree = "<group>";
		};
		18A9001B222FFD7C00E75E71 /* 05Block */ = {
			isa = PBXGroup;
			children = (
				18693E2D223372E2004F8885 /* CaptureParam */,
				18693E2E2233735D004F8885 /* SGBlockRunes.swift */,
			);
			path = 05Block;
			sourceTree = "<group>";
		};
		18B6CD5C223694A300C9DAEC /* staticParam */ = {
			isa = PBXGroup;
			children = (
				18B6CD5D2236951700C9DAEC /* SGStaticParam.h */,
				18B6CD5E2236951700C9DAEC /* SGStaticParam.m */,
			);
			path = staticParam;
			sourceTree = "<group>";
		};
		18B6CD60223E5CAA00C9DAEC /* blockType */ = {
			isa = PBXGroup;
			children = (
				18B6CD61223E5CC400C9DAEC /* SGBlockType.h */,
				18B6CD62223E5CC400C9DAEC /* SGBlockType.m */,
			);
			path = blockType;
			sourceTree = "<group>";
		};
		2E080574222FF77600599BC4 = {
			isa = PBXGroup;
			children = (
				2E08057F222FF77600599BC4 /* ReadyForSG */,
				2E08057E222FF77600599BC4 /* Products */,
			);
			sourceTree = "<group>";
		};
		2E08057E222FF77600599BC4 /* Products */ = {
			isa = PBXGroup;
			children = (
				2E08057D222FF77600599BC4 /* ReadyForSG.app */,
			);
			name = Products;
			sourceTree = "<group>";
		};
		2E08057F222FF77600599BC4 /* ReadyForSG */ = {
			isa = PBXGroup;
			children = (
				2E0805B6222FFDF800599BC4 /* 01UIAbout */,
				2E0805CB22301FEB00599BC4 /* 02Runtime */,
				DC3425782240C824007405B4 /* 03ObjectiveC */,
				18A9001B222FFD7C00E75E71 /* 05Block */,
				623BBF0D22315AEE00D4AEDA /* 07Runloop */,
				DC3425792240C845007405B4 /* 08Network */,
				DC34257A2240C853007405B4 /* 10CacheLog */,
				DC34257B2240C891007405B4 /* 12ThirdPart */,
				2E0805B5222FF8D500599BC4 /* Util */,
				2E080580222FF77600599BC4 /* AppDelegate.swift */,
				2E080587222FF77700599BC4 /* Assets.xcassets */,
				2E080589222FF77700599BC4 /* LaunchScreen.storyboard */,
				2E08058C222FF77700599BC4 /* Info.plist */,
				2E0805C822301F0D00599BC4 /* ReadyForWX.h */,
				2E0805C922301F0D00599BC4 /* ReadyForWX.m */,
				2E0805C722301F0D00599BC4 /* ReadyForSG-Bridging-Header.h */,
			);
			path = ReadyForSG;
			sourceTree = "<group>";
		};
		2E0805B5222FF8D500599BC4 /* Util */ = {
			isa = PBXGroup;
			children = (
				CB6055337F3F4EECDB1C6A66 /* SGLogRune.swift */,
				2E0805B1222FF8AD00599BC4 /* SGActionRune.swift */,
				2E0805B2222FF8AD00599BC4 /* SGSampleRune.swift */,
				2E0805C322301C6900599BC4 /* SGSampleRunes.swift */,
				2E0805AD222FF88D00599BC4 /* SGSampleController.swift */,
				2E0805AE222FF88D00599BC4 /* SGSampleNavigation.swift */,
			);
			path = Util;
			sourceTree = "<group>";
		};
		2E0805B6222FFDF800599BC4 /* 01UIAbout */ = {
			isa = PBXGroup;
			children = (
				2E5568192237EBFB00BA3C09 /* FrameMeter */,
				2E0805C0223010B000599BC4 /* LayerAndView */,
				2E0805B7222FFE0B00599BC4 /* HitTest */,
				2E0805C522301D9800599BC4 /* SGUIAboutRunes.swift */,
			);
			path = 01UIAbout;
			sourceTree = "<group>";
		};
		2E0805B7222FFE0B00599BC4 /* HitTest */ = {
			isa = PBXGroup;
			children = (
				2E0805BA222FFE4B00599BC4 /* SGHitTestView.swift */,
				2E0805BC223004CA00599BC4 /* SGHitEmptyContainer.swift */,
				2E0805BE223004E000599BC4 /* SGHitExpandButton.swift */,
				2E0805B8222FFE2D00599BC4 /* SGHitTestController.swift */,
			);
			path = HitTest;
			sourceTree = "<group>";
		};
		2E0805C0223010B000599BC4 /* LayerAndView */ = {
			isa = PBXGroup;
			children = (
				2E55681E223BF3CA00BA3C09 /* SGCPUView.swift */,
				2E556820223BF3D500BA3C09 /* SGGPUView.swift */,
				2E0805C1223010E300599BC4 /* SGCALayerView.swift */,
				2E0805DB2234F0AB00599BC4 /* SGCALayerController.swift */,
				2E55681C223A9B2000BA3C09 /* SGCALayer.swift */,
				2E556822223FCD6500BA3C09 /* SGOffScreenLayer.swift */,
			);
			path = LayerAndView;
			sourceTree = "<group>";
		};
		2E0805CB22301FEB00599BC4 /* 02Runtime */ = {
			isa = PBXGroup;
			children = (
				CB60526F9DD01D55731EDCD7 /* NSObject */,
				DCDC861C22321D0A006ED299 /* MessageForward */,
				2E0805D02234DBCB00599BC4 /* MethodSwizzling */,
				2E0805D72234E26100599BC4 /* Dynamic */,
				2E0805CC2230202100599BC4 /* SGRuntimeRunes.swift */,
			);
			path = 02Runtime;
			sourceTree = "<group>";
		};
		2E0805D02234DBCB00599BC4 /* MethodSwizzling */ = {
			isa = PBXGroup;
			children = (
				2E0805D12234DC4A00599BC4 /* SGSwizzle.h */,
				2E0805D22234DC4A00599BC4 /* SGSwizzle.m */,
				2E0805D42234DC6600599BC4 /* SGSwizzleController.h */,
				2E0805D52234DC6600599BC4 /* SGSwizzleController.m */,
			);
			path = MethodSwizzling;
			sourceTree = "<group>";
		};
		2E0805D72234E26100599BC4 /* Dynamic */ = {
			isa = PBXGroup;
			children = (
				2E0805D82234E27D00599BC4 /* SGDynamic.h */,
				2E0805D92234E27D00599BC4 /* SGDynamic.m */,
			);
			path = Dynamic;
			sourceTree = "<group>";
		};
		2E5568192237EBFB00BA3C09 /* FrameMeter */ = {
			isa = PBXGroup;
			children = (
				2E55681A2237EC2200BA3C09 /* SGFrameMeter.swift */,
			);
			path = FrameMeter;
			sourceTree = "<group>";
		};
		623311C92234A0C20037E1BA /* PerformanceWatcher */ = {
			isa = PBXGroup;
			children = (
				623311CA2234A0F50037E1BA /* PerformanceWatcher.h */,
				623311CB2234A0F50037E1BA /* PerformanceWatcher.m */,
				623311CD2234B5370037E1BA /* SGMainThreadStuttersMonitorController.h */,
				623311CE2234B5370037E1BA /* SGMainThreadStuttersMonitorController.m */,
			);
			path = PerformanceWatcher;
			sourceTree = "<group>";
		};
		623BBF0D22315AEE00D4AEDA /* 07Runloop */ = {
			isa = PBXGroup;
			children = (
				623311C92234A0C20037E1BA /* PerformanceWatcher */,
				623BBF0E22315E5C00D4AEDA /* ConceptAndLifeCycle */,
				623311D02234B7090037E1BA /* SGRunloopRunes.swift */,
			);
			path = 07Runloop;
			sourceTree = "<group>";
		};
		623BBF0E22315E5C00D4AEDA /* ConceptAndLifeCycle */ = {
			isa = PBXGroup;
			children = (
				623BBF0F22315F1000D4AEDA /* SGRunloop.h */,
				623BBF1022315F1000D4AEDA /* SGRunloop.m */,
			);
			path = ConceptAndLifeCycle;
			sourceTree = "<group>";
		};
		CB60526F9DD01D55731EDCD7 /* NSObject */ = {
			isa = PBXGroup;
			children = (
				CB605FA4F6B7A050DD42C83D /* SGObject.h */,
				CB605738EFCE9719FC3342FA /* SGObject.m */,
				2E0805CE22336AF900599BC4 /* SGObjectS.swift */,
			);
			path = NSObject;
			sourceTree = "<group>";
		};
		DC3425782240C824007405B4 /* 03ObjectiveC */ = {
			isa = PBXGroup;
			children = (
				DC34257C2240C94F007405B4 /* 03.swift */,
			);
			path = 03ObjectiveC;
			sourceTree = "<group>";
		};
		DC3425792240C845007405B4 /* 08Network */ = {
			isa = PBXGroup;
			children = (
				DC34257E2240C95B007405B4 /* 08.swift */,
			);
			path = 08Network;
			sourceTree = "<group>";
		};
		DC34257A2240C853007405B4 /* 10CacheLog */ = {
			isa = PBXGroup;
			children = (
				DC3425802240C963007405B4 /* ImageCache.swift */,
				2E55682422413EE600BA3C09 /* LogDisk.swift */,
			);
			path = 10CacheLog;
			sourceTree = "<group>";
		};
		DC34257B2240C891007405B4 /* 12ThirdPart */ = {
			isa = PBXGroup;
			children = (
				DC3425822240C96A007405B4 /* SDWebImage.swift */,
			);
			path = 12ThirdPart;
			sourceTree = "<group>";
		};
		DCDC861C22321D0A006ED299 /* MessageForward */ = {
			isa = PBXGroup;
			children = (
				CB6052697F107E713D224B28 /* SGMessageController.h */,
				CB605E11604C9552B5616B36 /* SGMessageController.m */,
				DCDC861D22321D3D006ED299 /* SGMessageControllerS.swift */,
			);
			path = MessageForward;
			sourceTree = "<group>";
		};
/* End PBXGroup section */

/* Begin PBXNativeTarget section */
		2E08057C222FF77600599BC4 /* ReadyForSG */ = {
			isa = PBXNativeTarget;
			buildConfigurationList = 2E08058F222FF77700599BC4 /* Build configuration list for PBXNativeTarget "ReadyForSG" */;
			buildPhases = (
				2E080579222FF77600599BC4 /* Sources */,
				2E08057A222FF77600599BC4 /* Frameworks */,
				2E08057B222FF77600599BC4 /* Resources */,
			);
			buildRules = (
			);
			dependencies = (
			);
			name = ReadyForSG;
			productName = ReadyForSG;
			productReference = 2E08057D222FF77600599BC4 /* ReadyForSG.app */;
			productType = "com.apple.product-type.application";
		};
/* End PBXNativeTarget section */

/* Begin PBXProject section */
		2E080575222FF77600599BC4 /* Project object */ = {
			isa = PBXProject;
			attributes = {
				LastSwiftUpdateCheck = 1010;
				LastUpgradeCheck = 1010;
				ORGANIZATIONNAME = Alanli7991;
				TargetAttributes = {
					2E08057C222FF77600599BC4 = {
						CreatedOnToolsVersion = 10.1;
						LastSwiftMigration = 1010;
					};
				};
			};
			buildConfigurationList = 2E080578222FF77600599BC4 /* Build configuration list for PBXProject "ReadyForSG" */;
			compatibilityVersion = "Xcode 9.3";
			developmentRegion = en;
			hasScannedForEncodings = 0;
			knownRegions = (
				en,
				Base,
			);
			mainGroup = 2E080574222FF77600599BC4;
			productRefGroup = 2E08057E222FF77600599BC4 /* Products */;
			projectDirPath = "";
			projectRoot = "";
			targets = (
				2E08057C222FF77600599BC4 /* ReadyForSG */,
			);
		};
/* End PBXProject section */

/* Begin PBXResourcesBuildPhase section */
		2E08057B222FF77600599BC4 /* Resources */ = {
			isa = PBXResourcesBuildPhase;
			buildActionMask = 2147483647;
			files = (
				2E08058B222FF77700599BC4 /* LaunchScreen.storyboard in Resources */,
				2E080588222FF77700599BC4 /* Assets.xcassets in Resources */,
			);
			runOnlyForDeploymentPostprocessing = 0;
		};
/* End PBXResourcesBuildPhase section */

/* Begin PBXSourcesBuildPhase section */
		2E080579222FF77600599BC4 /* Sources */ = {
			isa = PBXSourcesBuildPhase;
			buildActionMask = 2147483647;
			files = (
				2E0805DC2234F0AB00599BC4 /* SGCALayerController.swift in Sources */,
				2E0805AF222FF88D00599BC4 /* SGSampleController.swift in Sources */,
				2E0805B3222FF8AD00599BC4 /* SGActionRune.swift in Sources */,
				2E55681F223BF3CA00BA3C09 /* SGCPUView.swift in Sources */,
				DCDC861E22321D3D006ED299 /* SGMessageControllerS.swift in Sources */,
				2E0805C422301C6900599BC4 /* SGSampleRunes.swift in Sources */,
				2E55681D223A9B2000BA3C09 /* SGCALayer.swift in Sources */,
				2E556821223BF3D500BA3C09 /* SGGPUView.swift in Sources */,
				2E0805D62234DC6600599BC4 /* SGSwizzleController.m in Sources */,
				2E0805B0222FF88D00599BC4 /* SGSampleNavigation.swift in Sources */,
				2E0805CD2230202100599BC4 /* SGRuntimeRunes.swift in Sources */,
				2E55682522413EE600BA3C09 /* LogDisk.swift in Sources */,
				2E0805B4222FF8AD00599BC4 /* SGSampleRune.swift in Sources */,
				623311CF2234B5370037E1BA /* SGMainThreadStuttersMonitorController.m in Sources */,
				2E55681B2237EC2200BA3C09 /* SGFrameMeter.swift in Sources */,
				DC34257F2240C95B007405B4 /* 08.swift in Sources */,
				18693E332235116E004F8885 /* SSAutoreleasingTest.m in Sources */,
				2E0805CF22336AF900599BC4 /* SGObjectS.swift in Sources */,
				623311CC2234A0F50037E1BA /* PerformanceWatcher.m in Sources */,
				2E0805BB222FFE4B00599BC4 /* SGHitTestView.swift in Sources */,
				2E0805BF223004E000599BC4 /* SGHitExpandButton.swift in Sources */,
				2E0805C2223010E300599BC4 /* SGCALayerView.swift in Sources */,
				2E0805BD223004CA00599BC4 /* SGHitEmptyContainer.swift in Sources */,
				2E0805D32234DC4A00599BC4 /* SGSwizzle.m in Sources */,
				2E080581222FF77600599BC4 /* AppDelegate.swift in Sources */,
				18693E2C223011AE004F8885 /* SGCaptureParamController.swift in Sources */,
				2E556823223FCD6500BA3C09 /* SGOffScreenLayer.swift in Sources */,
				2E0805B9222FFE2D00599BC4 /* SGHitTestController.swift in Sources */,
				2E0805C622301D9800599BC4 /* SGUIAboutRunes.swift in Sources */,
				DC3425812240C963007405B4 /* ImageCache.swift in Sources */,
				18693E2F2233735D004F8885 /* SGBlockRunes.swift in Sources */,
				2E0805CA22301F0D00599BC4 /* ReadyForWX.m in Sources */,
				CB6054CE13A7667686D9E8BD /* SGObject.m in Sources */,
				623BBF1122315F1000D4AEDA /* SGRunloop.m in Sources */,
				2E0805DA2234E27D00599BC4 /* SGDynamic.m in Sources */,
				CB605FA2A6E12B8A2E9E42E4 /* SGLogRune.swift in Sources */,
				18B6CD5F2236951700C9DAEC /* SGStaticParam.m in Sources */,
				DC3425832240C96A007405B4 /* SDWebImage.swift in Sources */,
				18B6CD63223E5CC400C9DAEC /* SGBlockType.m in Sources */,
				623311D12234B7090037E1BA /* SGRunloopRunes.swift in Sources */,
				DC34257D2240C94F007405B4 /* 03.swift in Sources */,
				CB605FFBE510DF6F0242ECDD /* SGMessageController.m in Sources */,
			);
			runOnlyForDeploymentPostprocessing = 0;
		};
/* End PBXSourcesBuildPhase section */

/* Begin PBXVariantGroup section */
		2E080589222FF77700599BC4 /* LaunchScreen.storyboard */ = {
			isa = PBXVariantGroup;
			children = (
				2E08058A222FF77700599BC4 /* Base */,
			);
			name = LaunchScreen.storyboard;
			sourceTree = "<group>";
		};
/* End PBXVariantGroup section */

/* Begin XCBuildConfiguration section */
		2E08058D222FF77700599BC4 /* Debug */ = {
			isa = XCBuildConfiguration;
			buildSettings = {
				ALWAYS_SEARCH_USER_PATHS = NO;
				CLANG_ANALYZER_NONNULL = YES;
				CLANG_ANALYZER_NUMBER_OBJECT_CONVERSION = YES_AGGRESSIVE;
				CLANG_CXX_LANGUAGE_STANDARD = "gnu++14";
				CLANG_CXX_LIBRARY = "libc++";
				CLANG_ENABLE_MODULES = YES;
				CLANG_ENABLE_OBJC_ARC = YES;
				CLANG_ENABLE_OBJC_WEAK = YES;
				CLANG_WARN_BLOCK_CAPTURE_AUTORELEASING = YES;
				CLANG_WARN_BOOL_CONVERSION = YES;
				CLANG_WARN_COMMA = YES;
				CLANG_WARN_CONSTANT_CONVERSION = YES;
				CLANG_WARN_DEPRECATED_OBJC_IMPLEMENTATIONS = YES;
				CLANG_WARN_DIRECT_OBJC_ISA_USAGE = YES_ERROR;
				CLANG_WARN_DOCUMENTATION_COMMENTS = YES;
				CLANG_WARN_EMPTY_BODY = YES;
				CLANG_WARN_ENUM_CONVERSION = YES;
				CLANG_WARN_INFINITE_RECURSION = YES;
				CLANG_WARN_INT_CONVERSION = YES;
				CLANG_WARN_NON_LITERAL_NULL_CONVERSION = YES;
				CLANG_WARN_OBJC_IMPLICIT_RETAIN_SELF = YES;
				CLANG_WARN_OBJC_LITERAL_CONVERSION = YES;
				CLANG_WARN_OBJC_ROOT_CLASS = YES_ERROR;
				CLANG_WARN_RANGE_LOOP_ANALYSIS = YES;
				CLANG_WARN_STRICT_PROTOTYPES = YES;
				CLANG_WARN_SUSPICIOUS_MOVE = YES;
				CLANG_WARN_UNGUARDED_AVAILABILITY = YES_AGGRESSIVE;
				CLANG_WARN_UNREACHABLE_CODE = YES;
				CLANG_WARN__DUPLICATE_METHOD_MATCH = YES;
				CODE_SIGN_IDENTITY = "iPhone Developer";
				COPY_PHASE_STRIP = NO;
				DEBUG_INFORMATION_FORMAT = dwarf;
				ENABLE_STRICT_OBJC_MSGSEND = YES;
				ENABLE_TESTABILITY = YES;
				GCC_C_LANGUAGE_STANDARD = gnu11;
				GCC_DYNAMIC_NO_PIC = NO;
				GCC_NO_COMMON_BLOCKS = YES;
				GCC_OPTIMIZATION_LEVEL = 0;
				GCC_PREPROCESSOR_DEFINITIONS = (
					"DEBUG=1",
					"$(inherited)",
				);
				GCC_WARN_64_TO_32_BIT_CONVERSION = YES;
				GCC_WARN_ABOUT_RETURN_TYPE = YES_ERROR;
				GCC_WARN_UNDECLARED_SELECTOR = YES;
				GCC_WARN_UNINITIALIZED_AUTOS = YES_AGGRESSIVE;
				GCC_WARN_UNUSED_FUNCTION = YES;
				GCC_WARN_UNUSED_VARIABLE = YES;
				IPHONEOS_DEPLOYMENT_TARGET = 12.1;
				MTL_ENABLE_DEBUG_INFO = INCLUDE_SOURCE;
				MTL_FAST_MATH = YES;
				ONLY_ACTIVE_ARCH = YES;
				SDKROOT = iphoneos;
				SWIFT_ACTIVE_COMPILATION_CONDITIONS = DEBUG;
				SWIFT_OPTIMIZATION_LEVEL = "-Onone";
			};
			name = Debug;
		};
		2E08058E222FF77700599BC4 /* Release */ = {
			isa = XCBuildConfiguration;
			buildSettings = {
				ALWAYS_SEARCH_USER_PATHS = NO;
				CLANG_ANALYZER_NONNULL = YES;
				CLANG_ANALYZER_NUMBER_OBJECT_CONVERSION = YES_AGGRESSIVE;
				CLANG_CXX_LANGUAGE_STANDARD = "gnu++14";
				CLANG_CXX_LIBRARY = "libc++";
				CLANG_ENABLE_MODULES = YES;
				CLANG_ENABLE_OBJC_ARC = YES;
				CLANG_ENABLE_OBJC_WEAK = YES;
				CLANG_WARN_BLOCK_CAPTURE_AUTORELEASING = YES;
				CLANG_WARN_BOOL_CONVERSION = YES;
				CLANG_WARN_COMMA = YES;
				CLANG_WARN_CONSTANT_CONVERSION = YES;
				CLANG_WARN_DEPRECATED_OBJC_IMPLEMENTATIONS = YES;
				CLANG_WARN_DIRECT_OBJC_ISA_USAGE = YES_ERROR;
				CLANG_WARN_DOCUMENTATION_COMMENTS = YES;
				CLANG_WARN_EMPTY_BODY = YES;
				CLANG_WARN_ENUM_CONVERSION = YES;
				CLANG_WARN_INFINITE_RECURSION = YES;
				CLANG_WARN_INT_CONVERSION = YES;
				CLANG_WARN_NON_LITERAL_NULL_CONVERSION = YES;
				CLANG_WARN_OBJC_IMPLICIT_RETAIN_SELF = YES;
				CLANG_WARN_OBJC_LITERAL_CONVERSION = YES;
				CLANG_WARN_OBJC_ROOT_CLASS = YES_ERROR;
				CLANG_WARN_RANGE_LOOP_ANALYSIS = YES;
				CLANG_WARN_STRICT_PROTOTYPES = YES;
				CLANG_WARN_SUSPICIOUS_MOVE = YES;
				CLANG_WARN_UNGUARDED_AVAILABILITY = YES_AGGRESSIVE;
				CLANG_WARN_UNREACHABLE_CODE = YES;
				CLANG_WARN__DUPLICATE_METHOD_MATCH = YES;
				CODE_SIGN_IDENTITY = "iPhone Developer";
				COPY_PHASE_STRIP = NO;
				DEBUG_INFORMATION_FORMAT = "dwarf-with-dsym";
				ENABLE_NS_ASSERTIONS = NO;
				ENABLE_STRICT_OBJC_MSGSEND = YES;
				GCC_C_LANGUAGE_STANDARD = gnu11;
				GCC_NO_COMMON_BLOCKS = YES;
				GCC_WARN_64_TO_32_BIT_CONVERSION = YES;
				GCC_WARN_ABOUT_RETURN_TYPE = YES_ERROR;
				GCC_WARN_UNDECLARED_SELECTOR = YES;
				GCC_WARN_UNINITIALIZED_AUTOS = YES_AGGRESSIVE;
				GCC_WARN_UNUSED_FUNCTION = YES;
				GCC_WARN_UNUSED_VARIABLE = YES;
				IPHONEOS_DEPLOYMENT_TARGET = 12.1;
				MTL_ENABLE_DEBUG_INFO = NO;
				MTL_FAST_MATH = YES;
				SDKROOT = iphoneos;
				SWIFT_COMPILATION_MODE = wholemodule;
				SWIFT_OPTIMIZATION_LEVEL = "-O";
				VALIDATE_PRODUCT = YES;
			};
			name = Release;
		};
		2E080590222FF77700599BC4 /* Debug */ = {
			isa = XCBuildConfiguration;
			buildSettings = {
				ASSETCATALOG_COMPILER_APPICON_NAME = AppIcon;
				CLANG_ENABLE_MODULES = YES;
				CODE_SIGN_STYLE = Automatic;
				INFOPLIST_FILE = ReadyForSG/Info.plist;
				LD_RUNPATH_SEARCH_PATHS = (
					"$(inherited)",
					"@executable_path/Frameworks",
				);
				PRODUCT_BUNDLE_IDENTIFIER = github.alanli7991.ReadyForSG;
				PRODUCT_NAME = "$(TARGET_NAME)";
				SWIFT_OBJC_BRIDGING_HEADER = "ReadyForSG/ReadyForSG-Bridging-Header.h";
				SWIFT_OPTIMIZATION_LEVEL = "-Onone";
				SWIFT_VERSION = 4.2;
				TARGETED_DEVICE_FAMILY = "1,2";
			};
			name = Debug;
		};
		2E080591222FF77700599BC4 /* Release */ = {
			isa = XCBuildConfiguration;
			buildSettings = {
				ASSETCATALOG_COMPILER_APPICON_NAME = AppIcon;
				CLANG_ENABLE_MODULES = YES;
				CODE_SIGN_STYLE = Automatic;
				INFOPLIST_FILE = ReadyForSG/Info.plist;
				LD_RUNPATH_SEARCH_PATHS = (
					"$(inherited)",
					"@executable_path/Frameworks",
				);
				PRODUCT_BUNDLE_IDENTIFIER = github.alanli7991.ReadyForSG;
				PRODUCT_NAME = "$(TARGET_NAME)";
				SWIFT_OBJC_BRIDGING_HEADER = "ReadyForSG/ReadyForSG-Bridging-Header.h";
				SWIFT_VERSION = 4.2;
				TARGETED_DEVICE_FAMILY = "1,2";
			};
			name = Release;
		};
/* End XCBuildConfiguration section */

/* Begin XCConfigurationList section */
		2E080578222FF77600599BC4 /* Build configuration list for PBXProject "ReadyForSG" */ = {
			isa = XCConfigurationList;
			buildConfigurations = (
				2E08058D222FF77700599BC4 /* Debug */,
				2E08058E222FF77700599BC4 /* Release */,
			);
			defaultConfigurationIsVisible = 0;
			defaultConfigurationName = Release;
		};
		2E08058F222FF77700599BC4 /* Build configuration list for PBXNativeTarget "ReadyForSG" */ = {
			isa = XCConfigurationList;
			buildConfigurations = (
				2E080590222FF77700599BC4 /* Debug */,
				2E080591222FF77700599BC4 /* Release */,
			);
			defaultConfigurationIsVisible = 0;
			defaultConfigurationName = Release;
		};
/* End XCConfigurationList section */
	};
	rootObject = 2E080575222FF77600599BC4 /* Project object */;
}
